
Microsoft Visual Studio Solution File, Format Version 12.00
# Visual Studio Version 17
VisualStudioVersion = 17.13.35919.96 d17.13
MinimumVisualStudioVersion = 10.0.40219.1
Project("{FAE04EC0-301F-11D3-BF4B-00C04F79EFBC}") = "SaurabhPersonal", "SaurabhPersonal\SaurabhPersonal.csproj", "{2BEFB6A5-B07B-4722-B9B6-6A221100E24E}"
EndProject
Global
	GlobalSection(SolutionConfigurationPlatforms) = preSolution
		Debug|Any CPU = Debug|Any CPU
		Release|Any CPU = Release|Any CPU
	EndGlobalSection
	GlobalSection(ProjectConfigurationPlatforms) = postSolution
		{2BEFB6A5-B07B-4722-B9B6-6A221100E24E}.Debug|Any CPU.ActiveCfg = Debug|Any CPU
		{2BEFB6A5-B07B-4722-B9B6-6A221100E24E}.Debug|Any CPU.Build.0 = Debug|Any CPU
		{2BEFB6A5-B07B-4722-B9B6-6A221100E24E}.Release|Any CPU.ActiveCfg = Release|Any CPU
		{2BEFB6A5-B07B-4722-B9B6-6A221100E24E}.Release|Any CPU.Build.0 = Release|Any CPU
	EndGlobalSection
	GlobalSection(SolutionProperties) = preSolution
		HideSolutionNode = FALSE
	EndGlobalSection
	GlobalSection(ExtensibilityGlobals) = postSolution
		SolutionGuid = {83CC332C-100E-4B6B-B10B-A8FB7A1B8577}
	EndGlobalSection
EndGlobal
